
Microsoft Visual Studio Solution File, Format Version 12.00
# Visual Studio 14
VisualStudioVersion = 14.0.25123.0
MinimumVisualStudioVersion = 10.0.40219.1
Project("{FAE04EC0-301F-11D3-BF4B-00C04F79EFBC}") = "Brady.Trade.DataService", "Brady.Trade.DataService\Brady.Trade.DataService.csproj", "{FCD54874-B52B-45B9-9DAB-38BA78FF9F04}"
EndProject
Project("{FAE04EC0-301F-11D3-BF4B-00C04F79EFBC}") = "Brady.Trade.Domain", "Brady.Trade.Models\Brady.Trade.Domain.csproj", "{BE02CCD0-15CE-42C4-A9A4-E55132D44E93}"
EndProject
Project("{FAE04EC0-301F-11D3-BF4B-00C04F79EFBC}") = "Brady.Trade.Metadata", "Brady.Trade.Metadata\Brady.Trade.Metadata.csproj", "{B2989E5A-527B-4E96-91BA-BD5DF226C093}"
EndProject
Global
	GlobalSection(SolutionConfigurationPlatforms) = preSolution
		Debug|Any CPU = Debug|Any CPU
		Release|Any CPU = Release|Any CPU
	EndGlobalSection
	GlobalSection(ProjectConfigurationPlatforms) = postSolution
		{FCD54874-B52B-45B9-9DAB-38BA78FF9F04}.Debug|Any CPU.ActiveCfg = Debug|Any CPU
		{FCD54874-B52B-45B9-9DAB-38BA78FF9F04}.Debug|Any CPU.Build.0 = Debug|Any CPU
		{FCD54874-B52B-45B9-9DAB-38BA78FF9F04}.Release|Any CPU.ActiveCfg = Release|Any CPU
		{FCD54874-B52B-45B9-9DAB-38BA78FF9F04}.Release|Any CPU.Build.0 = Release|Any CPU
		{BE02CCD0-15CE-42C4-A9A4-E55132D44E93}.Debug|Any CPU.ActiveCfg = Debug|Any CPU
		{BE02CCD0-15CE-42C4-A9A4-E55132D44E93}.Debug|Any CPU.Build.0 = Debug|Any CPU
		{BE02CCD0-15CE-42C4-A9A4-E55132D44E93}.Release|Any CPU.ActiveCfg = Release|Any CPU
		{BE02CCD0-15CE-42C4-A9A4-E55132D44E93}.Release|Any CPU.Build.0 = Release|Any CPU
		{B2989E5A-527B-4E96-91BA-BD5DF226C093}.Debug|Any CPU.ActiveCfg = Debug|Any CPU
		{B2989E5A-527B-4E96-91BA-BD5DF226C093}.Debug|Any CPU.Build.0 = Debug|Any CPU
		{B2989E5A-527B-4E96-91BA-BD5DF226C093}.Release|Any CPU.ActiveCfg = Release|Any CPU
		{B2989E5A-527B-4E96-91BA-BD5DF226C093}.Release|Any CPU.Build.0 = Release|Any CPU
	EndGlobalSection
	GlobalSection(SolutionProperties) = preSolution
		HideSolutionNode = FALSE
	EndGlobalSection
EndGlobal
