
Microsoft Visual Studio Solution File, Format Version 12.00
# Visual Studio 15
VisualStudioVersion = 15.0.27703.2026
MinimumVisualStudioVersion = 10.0.40219.1
Project("{FAE04EC0-301F-11D3-BF4B-00C04F79EFBC}") = "DataServiceDesigner", "DataServiceDesigner\DataServiceDesigner.csproj", "{30AD019D-EE7E-4361-AC7A-A7A5EF97160E}"
EndProject
Project("{FAE04EC0-301F-11D3-BF4B-00C04F79EFBC}") = "DataServiceDesigner.Domain", "DataServiceDesigner.Domain\DataServiceDesigner.Domain.csproj", "{83A4A744-3874-44D7-B068-EA122E368CC6}"
EndProject
Project("{FAE04EC0-301F-11D3-BF4B-00C04F79EFBC}") = "DataServiceDesigner.DataService", "DataServiceDesigner.DataService\DataServiceDesigner.DataService.csproj", "{0BF0722E-8DB4-4416-9AF3-3F88F6DC31A7}"
EndProject
Project("{2150E333-8FDC-42A3-9474-1A3956D46DE8}") = "Solution Items", "Solution Items", "{41F61441-FE6C-4846-A888-A25E30FB4C06}"
	ProjectSection(SolutionItems) = preProject
		gulpfile.js = gulpfile.js
	EndProjectSection
EndProject
Project("{FAE04EC0-301F-11D3-BF4B-00C04F79EFBC}") = "SchemaBrowser.DataService", "SchemaBrowser.DataService\SchemaBrowser.DataService.csproj", "{AAD4A5A3-8902-4D9C-A5B7-F608AFCE3099}"
EndProject
Project("{FAE04EC0-301F-11D3-BF4B-00C04F79EFBC}") = "SchemaBrowser.Domain", "SchemaBrowser.Domain\SchemaBrowser.Domain.csproj", "{75F8E5EB-0592-488F-BB66-E20C7ED94E82}"
EndProject
Global
	GlobalSection(SolutionConfigurationPlatforms) = preSolution
		Debug|Any CPU = Debug|Any CPU
		Release|Any CPU = Release|Any CPU
	EndGlobalSection
	GlobalSection(ProjectConfigurationPlatforms) = postSolution
		{30AD019D-EE7E-4361-AC7A-A7A5EF97160E}.Debug|Any CPU.ActiveCfg = Debug|Any CPU
		{30AD019D-EE7E-4361-AC7A-A7A5EF97160E}.Debug|Any CPU.Build.0 = Debug|Any CPU
		{30AD019D-EE7E-4361-AC7A-A7A5EF97160E}.Release|Any CPU.ActiveCfg = Release|Any CPU
		{30AD019D-EE7E-4361-AC7A-A7A5EF97160E}.Release|Any CPU.Build.0 = Release|Any CPU
		{83A4A744-3874-44D7-B068-EA122E368CC6}.Debug|Any CPU.ActiveCfg = Debug|Any CPU
		{83A4A744-3874-44D7-B068-EA122E368CC6}.Debug|Any CPU.Build.0 = Debug|Any CPU
		{83A4A744-3874-44D7-B068-EA122E368CC6}.Release|Any CPU.ActiveCfg = Release|Any CPU
		{83A4A744-3874-44D7-B068-EA122E368CC6}.Release|Any CPU.Build.0 = Release|Any CPU
		{0BF0722E-8DB4-4416-9AF3-3F88F6DC31A7}.Debug|Any CPU.ActiveCfg = Debug|Any CPU
		{0BF0722E-8DB4-4416-9AF3-3F88F6DC31A7}.Debug|Any CPU.Build.0 = Debug|Any CPU
		{0BF0722E-8DB4-4416-9AF3-3F88F6DC31A7}.Release|Any CPU.ActiveCfg = Release|Any CPU
		{0BF0722E-8DB4-4416-9AF3-3F88F6DC31A7}.Release|Any CPU.Build.0 = Release|Any CPU
		{AAD4A5A3-8902-4D9C-A5B7-F608AFCE3099}.Debug|Any CPU.ActiveCfg = Debug|Any CPU
		{AAD4A5A3-8902-4D9C-A5B7-F608AFCE3099}.Debug|Any CPU.Build.0 = Debug|Any CPU
		{AAD4A5A3-8902-4D9C-A5B7-F608AFCE3099}.Release|Any CPU.ActiveCfg = Release|Any CPU
		{AAD4A5A3-8902-4D9C-A5B7-F608AFCE3099}.Release|Any CPU.Build.0 = Release|Any CPU
		{75F8E5EB-0592-488F-BB66-E20C7ED94E82}.Debug|Any CPU.ActiveCfg = Debug|Any CPU
		{75F8E5EB-0592-488F-BB66-E20C7ED94E82}.Debug|Any CPU.Build.0 = Debug|Any CPU
		{75F8E5EB-0592-488F-BB66-E20C7ED94E82}.Release|Any CPU.ActiveCfg = Release|Any CPU
		{75F8E5EB-0592-488F-BB66-E20C7ED94E82}.Release|Any CPU.Build.0 = Release|Any CPU
	EndGlobalSection
	GlobalSection(SolutionProperties) = preSolution
		HideSolutionNode = FALSE
	EndGlobalSection
	GlobalSection(ExtensibilityGlobals) = postSolution
		SolutionGuid = {7DABAF93-37F0-4C1F-99EC-53D748A49253}
	EndGlobalSection
EndGlobal
